// !$*UTF8*$!
{
	archiveVersion = 1;
	classes = {
	};
	objectVersion = 46;
	objects = {

/* Begin PBXBuildFile section */
		F50F25D41F0A5F4E0093ACB2 /* SupervisorVC.swift in Sources */ = {isa = PBXBuildFile; fileRef = F50F25D31F0A5F4E0093ACB2 /* SupervisorVC.swift */; };
		F50F25D61F0B30EB0093ACB2 /* Saloon Girl Fill.ttf in Resources */ = {isa = PBXBuildFile; fileRef = F50F25D51F0B30EB0093ACB2 /* Saloon Girl Fill.ttf */; };
		F50F25DB1F0B3B780093ACB2 /* pulp fiction m54.ttf in Resources */ = {isa = PBXBuildFile; fileRef = F50F25DA1F0B3B780093ACB2 /* pulp fiction m54.ttf */; };
		F50F25FC1F0B52040093ACB2 /* ReportVC.swift in Sources */ = {isa = PBXBuildFile; fileRef = F50F25FB1F0B52040093ACB2 /* ReportVC.swift */; };
		F50F25FF1F0BAC120093ACB2 /* ReportType.swift in Sources */ = {isa = PBXBuildFile; fileRef = F50F25FE1F0BAC120093ACB2 /* ReportType.swift */; };
		F51332141F097A2600C26CFD /* GameVC.swift in Sources */ = {isa = PBXBuildFile; fileRef = F51332131F097A2600C26CFD /* GameVC.swift */; };
		F51D021B1F0866D3003DE5E0 /* AppControl.swift in Sources */ = {isa = PBXBuildFile; fileRef = F51D021A1F0866D3003DE5E0 /* AppControl.swift */; };
		F51D021E1F086739003DE5E0 /* UIViewControllerExtension.swift in Sources */ = {isa = PBXBuildFile; fileRef = F51D021D1F086739003DE5E0 /* UIViewControllerExtension.swift */; };
		F51D02201F086C42003DE5E0 /* PromontionPersonVC.swift in Sources */ = {isa = PBXBuildFile; fileRef = F51D021F1F086C42003DE5E0 /* PromontionPersonVC.swift */; };
		F53A38191F04524B00F853D0 /* AppDelegate.swift in Sources */ = {isa = PBXBuildFile; fileRef = F53A38181F04524B00F853D0 /* AppDelegate.swift */; };
		F53A381B1F04524B00F853D0 /* MainVC.swift in Sources */ = {isa = PBXBuildFile; fileRef = F53A381A1F04524B00F853D0 /* MainVC.swift */; };
		F53A381E1F04524B00F853D0 /* Main.storyboard in Resources */ = {isa = PBXBuildFile; fileRef = F53A381C1F04524B00F853D0 /* Main.storyboard */; };
		F53A38211F04524B00F853D0 /* CreatiBoxApp.xcdatamodeld in Sources */ = {isa = PBXBuildFile; fileRef = F53A381F1F04524B00F853D0 /* CreatiBoxApp.xcdatamodeld */; };
		F53A38231F04524B00F853D0 /* Assets.xcassets in Resources */ = {isa = PBXBuildFile; fileRef = F53A38221F04524B00F853D0 /* Assets.xcassets */; };
		F53A38261F04524B00F853D0 /* LaunchScreen.storyboard in Resources */ = {isa = PBXBuildFile; fileRef = F53A38241F04524B00F853D0 /* LaunchScreen.storyboard */; };
		F53A38401F06664600F853D0 /* CoreDataHelper.swift in Sources */ = {isa = PBXBuildFile; fileRef = F53A383F1F06664600F853D0 /* CoreDataHelper.swift */; };
		F53A38481F066C0E00F853D0 /* AppExceptions.swift in Sources */ = {isa = PBXBuildFile; fileRef = F53A38471F066C0E00F853D0 /* AppExceptions.swift */; };
		F53A384A1F066C8400F853D0 /* InitialDataCreatorHelper.swift in Sources */ = {isa = PBXBuildFile; fileRef = F53A38491F066C8400F853D0 /* InitialDataCreatorHelper.swift */; };
		F5A9F2481F0EF73A00802D2F /* Winner+CoreDataClass.swift in Sources */ = {isa = PBXBuildFile; fileRef = F5A9F23E1F0EF73A00802D2F /* Winner+CoreDataClass.swift */; };
		F5A9F2491F0EF73A00802D2F /* Winner+CoreDataProperties.swift in Sources */ = {isa = PBXBuildFile; fileRef = F5A9F23F1F0EF73A00802D2F /* Winner+CoreDataProperties.swift */; };
		F5A9F24A1F0EF73A00802D2F /* Prize+CoreDataClass.swift in Sources */ = {isa = PBXBuildFile; fileRef = F5A9F2401F0EF73A00802D2F /* Prize+CoreDataClass.swift */; };
		F5A9F24B1F0EF73A00802D2F /* Prize+CoreDataProperties.swift in Sources */ = {isa = PBXBuildFile; fileRef = F5A9F2411F0EF73A00802D2F /* Prize+CoreDataProperties.swift */; };
		F5A9F24C1F0EF73A00802D2F /* BranchOffice+CoreDataClass.swift in Sources */ = {isa = PBXBuildFile; fileRef = F5A9F2421F0EF73A00802D2F /* BranchOffice+CoreDataClass.swift */; };
		F5A9F24D1F0EF73A00802D2F /* BranchOffice+CoreDataProperties.swift in Sources */ = {isa = PBXBuildFile; fileRef = F5A9F2431F0EF73A00802D2F /* BranchOffice+CoreDataProperties.swift */; };
		F5A9F24E1F0EF73A00802D2F /* LoginUser+CoreDataClass.swift in Sources */ = {isa = PBXBuildFile; fileRef = F5A9F2441F0EF73A00802D2F /* LoginUser+CoreDataClass.swift */; };
		F5A9F24F1F0EF73A00802D2F /* LoginUser+CoreDataProperties.swift in Sources */ = {isa = PBXBuildFile; fileRef = F5A9F2451F0EF73A00802D2F /* LoginUser+CoreDataProperties.swift */; };
		F5A9F2501F0EF73A00802D2F /* Visit+CoreDataClass.swift in Sources */ = {isa = PBXBuildFile; fileRef = F5A9F2461F0EF73A00802D2F /* Visit+CoreDataClass.swift */; };
		F5A9F2511F0EF73A00802D2F /* Visit+CoreDataProperties.swift in Sources */ = {isa = PBXBuildFile; fileRef = F5A9F2471F0EF73A00802D2F /* Visit+CoreDataProperties.swift */; };
		F5A9F2541F106C3400802D2F /* DataReportDTO.swift in Sources */ = {isa = PBXBuildFile; fileRef = F5A9F2531F106C3400802D2F /* DataReportDTO.swift */; };
		F5A9F2561F107B0700802D2F /* ScheduleReportTVC.swift in Sources */ = {isa = PBXBuildFile; fileRef = F5A9F2551F107B0700802D2F /* ScheduleReportTVC.swift */; };
		F5CDDE351F07E47800F1E056 /* CreatiBoxAppTests.swift in Sources */ = {isa = PBXBuildFile; fileRef = F5CDDE341F07E47800F1E056 /* CreatiBoxAppTests.swift */; };
		F5CDDE3F1F07E52300F1E056 /* CreatiBoxType.swift in Sources */ = {isa = PBXBuildFile; fileRef = F5CDDE3E1F07E52300F1E056 /* CreatiBoxType.swift */; };
		F5CDDE411F07E5AC00F1E056 /* CreatiBoxAppImpl.swift in Sources */ = {isa = PBXBuildFile; fileRef = F5CDDE401F07E5AC00F1E056 /* CreatiBoxAppImpl.swift */; };
		F5CDDE431F07FB1600F1E056 /* AlertViewHelper.swift in Sources */ = {isa = PBXBuildFile; fileRef = F5CDDE421F07FB1600F1E056 /* AlertViewHelper.swift */; };
		F5CDDE601F083B3700F1E056 /* DateHelper.swift in Sources */ = {isa = PBXBuildFile; fileRef = F5CDDE5F1F083B3700F1E056 /* DateHelper.swift */; };
		F5EFD69D1F11C592000D064D /* 80770500.ttf in Resources */ = {isa = PBXBuildFile; fileRef = F5EFD69C1F11C592000D064D /* 80770500.ttf */; };
		F5EFD69F1F11CDBC000D064D /* WinnerReportDTO.swift in Sources */ = {isa = PBXBuildFile; fileRef = F5EFD69E1F11CDBC000D064D /* WinnerReportDTO.swift */; };
		F5EFD6A31F11CE6A000D064D /* GenericDataReport.swift in Sources */ = {isa = PBXBuildFile; fileRef = F5EFD6A21F11CE6A000D064D /* GenericDataReport.swift */; };
		F5EFD6A51F11DC7B000D064D /* WinnersReportTVC.swift in Sources */ = {isa = PBXBuildFile; fileRef = F5EFD6A41F11DC7B000D064D /* WinnersReportTVC.swift */; };
		F5EFD6A71F11DF78000D064D /* UITableViewExtension.swift in Sources */ = {isa = PBXBuildFile; fileRef = F5EFD6A61F11DF78000D064D /* UITableViewExtension.swift */; };
		F5F394501F1133500035477F /* Face Off M54.ttf in Resources */ = {isa = PBXBuildFile; fileRef = F5F3944F1F1133500035477F /* Face Off M54.ttf */; };
		F5F3BBCE1F118AE6002238A6 /* Mission-Script.otf in Resources */ = {isa = PBXBuildFile; fileRef = F5F3BBCD1F118AE6002238A6 /* Mission-Script.otf */; };
/* End PBXBuildFile section */

/* Begin PBXContainerItemProxy section */
		F5CDDE371F07E47800F1E056 /* PBXContainerItemProxy */ = {
			isa = PBXContainerItemProxy;
			containerPortal = F53A380D1F04524B00F853D0 /* Project object */;
			proxyType = 1;
			remoteGlobalIDString = F53A38141F04524B00F853D0;
			remoteInfo = CreatiBoxApp;
		};
/* End PBXContainerItemProxy section */

/* Begin PBXFileReference section */
		F50F25D31F0A5F4E0093ACB2 /* SupervisorVC.swift */ = {isa = PBXFileReference; fileEncoding = 4; lastKnownFileType = sourcecode.swift; path = SupervisorVC.swift; sourceTree = "<group>"; };
		F50F25D51F0B30EB0093ACB2 /* Saloon Girl Fill.ttf */ = {isa = PBXFileReference; lastKnownFileType = file; path = "Saloon Girl Fill.ttf"; sourceTree = "<group>"; };
		F50F25DA1F0B3B780093ACB2 /* pulp fiction m54.ttf */ = {isa = PBXFileReference; lastKnownFileType = file; path = "pulp fiction m54.ttf"; sourceTree = "<group>"; };
		F50F25FB1F0B52040093ACB2 /* ReportVC.swift */ = {isa = PBXFileReference; fileEncoding = 4; lastKnownFileType = sourcecode.swift; path = ReportVC.swift; sourceTree = "<group>"; };
		F50F25FE1F0BAC120093ACB2 /* ReportType.swift */ = {isa = PBXFileReference; fileEncoding = 4; lastKnownFileType = sourcecode.swift; path = ReportType.swift; sourceTree = "<group>"; };
		F51332131F097A2600C26CFD /* GameVC.swift */ = {isa = PBXFileReference; fileEncoding = 4; lastKnownFileType = sourcecode.swift; path = GameVC.swift; sourceTree = "<group>"; };
		F51D021A1F0866D3003DE5E0 /* AppControl.swift */ = {isa = PBXFileReference; fileEncoding = 4; lastKnownFileType = sourcecode.swift; path = AppControl.swift; sourceTree = "<group>"; };
		F51D021D1F086739003DE5E0 /* UIViewControllerExtension.swift */ = {isa = PBXFileReference; fileEncoding = 4; lastKnownFileType = sourcecode.swift; path = UIViewControllerExtension.swift; sourceTree = "<group>"; };
		F51D021F1F086C42003DE5E0 /* PromontionPersonVC.swift */ = {isa = PBXFileReference; fileEncoding = 4; lastKnownFileType = sourcecode.swift; path = PromontionPersonVC.swift; sourceTree = "<group>"; };
		F53A38151F04524B00F853D0 /* CreatiBoxApp.app */ = {isa = PBXFileReference; explicitFileType = wrapper.application; includeInIndex = 0; path = CreatiBoxApp.app; sourceTree = BUILT_PRODUCTS_DIR; };
		F53A38181F04524B00F853D0 /* AppDelegate.swift */ = {isa = PBXFileReference; lastKnownFileType = sourcecode.swift; path = AppDelegate.swift; sourceTree = "<group>"; };
		F53A381A1F04524B00F853D0 /* MainVC.swift */ = {isa = PBXFileReference; lastKnownFileType = sourcecode.swift; path = MainVC.swift; sourceTree = "<group>"; };
		F53A381D1F04524B00F853D0 /* Base */ = {isa = PBXFileReference; lastKnownFileType = file.storyboard; name = Base; path = Base.lproj/Main.storyboard; sourceTree = "<group>"; };
		F53A38201F04524B00F853D0 /* CreatiBoxApp.xcdatamodel */ = {isa = PBXFileReference; lastKnownFileType = wrapper.xcdatamodel; path = CreatiBoxApp.xcdatamodel; sourceTree = "<group>"; };
		F53A38221F04524B00F853D0 /* Assets.xcassets */ = {isa = PBXFileReference; lastKnownFileType = folder.assetcatalog; path = Assets.xcassets; sourceTree = "<group>"; };
		F53A38251F04524B00F853D0 /* Base */ = {isa = PBXFileReference; lastKnownFileType = file.storyboard; name = Base; path = Base.lproj/LaunchScreen.storyboard; sourceTree = "<group>"; };
		F53A38271F04524B00F853D0 /* Info.plist */ = {isa = PBXFileReference; lastKnownFileType = text.plist.xml; path = Info.plist; sourceTree = "<group>"; };
		F53A383F1F06664600F853D0 /* CoreDataHelper.swift */ = {isa = PBXFileReference; fileEncoding = 4; lastKnownFileType = sourcecode.swift; path = CoreDataHelper.swift; sourceTree = "<group>"; };
		F53A38471F066C0E00F853D0 /* AppExceptions.swift */ = {isa = PBXFileReference; fileEncoding = 4; lastKnownFileType = sourcecode.swift; path = AppExceptions.swift; sourceTree = "<group>"; };
		F53A38491F066C8400F853D0 /* InitialDataCreatorHelper.swift */ = {isa = PBXFileReference; fileEncoding = 4; lastKnownFileType = sourcecode.swift; path = InitialDataCreatorHelper.swift; sourceTree = "<group>"; };
		F5A9F23E1F0EF73A00802D2F /* Winner+CoreDataClass.swift */ = {isa = PBXFileReference; fileEncoding = 4; lastKnownFileType = sourcecode.swift; path = "Winner+CoreDataClass.swift"; sourceTree = "<group>"; };
		F5A9F23F1F0EF73A00802D2F /* Winner+CoreDataProperties.swift */ = {isa = PBXFileReference; fileEncoding = 4; lastKnownFileType = sourcecode.swift; path = "Winner+CoreDataProperties.swift"; sourceTree = "<group>"; };
		F5A9F2401F0EF73A00802D2F /* Prize+CoreDataClass.swift */ = {isa = PBXFileReference; fileEncoding = 4; lastKnownFileType = sourcecode.swift; path = "Prize+CoreDataClass.swift"; sourceTree = "<group>"; };
		F5A9F2411F0EF73A00802D2F /* Prize+CoreDataProperties.swift */ = {isa = PBXFileReference; fileEncoding = 4; lastKnownFileType = sourcecode.swift; path = "Prize+CoreDataProperties.swift"; sourceTree = "<group>"; };
		F5A9F2421F0EF73A00802D2F /* BranchOffice+CoreDataClass.swift */ = {isa = PBXFileReference; fileEncoding = 4; lastKnownFileType = sourcecode.swift; path = "BranchOffice+CoreDataClass.swift"; sourceTree = "<group>"; };
		F5A9F2431F0EF73A00802D2F /* BranchOffice+CoreDataProperties.swift */ = {isa = PBXFileReference; fileEncoding = 4; lastKnownFileType = sourcecode.swift; path = "BranchOffice+CoreDataProperties.swift"; sourceTree = "<group>"; };
		F5A9F2441F0EF73A00802D2F /* LoginUser+CoreDataClass.swift */ = {isa = PBXFileReference; fileEncoding = 4; lastKnownFileType = sourcecode.swift; path = "LoginUser+CoreDataClass.swift"; sourceTree = "<group>"; };
		F5A9F2451F0EF73A00802D2F /* LoginUser+CoreDataProperties.swift */ = {isa = PBXFileReference; fileEncoding = 4; lastKnownFileType = sourcecode.swift; path = "LoginUser+CoreDataProperties.swift"; sourceTree = "<group>"; };
		F5A9F2461F0EF73A00802D2F /* Visit+CoreDataClass.swift */ = {isa = PBXFileReference; fileEncoding = 4; lastKnownFileType = sourcecode.swift; path = "Visit+CoreDataClass.swift"; sourceTree = "<group>"; };
		F5A9F2471F0EF73A00802D2F /* Visit+CoreDataProperties.swift */ = {isa = PBXFileReference; fileEncoding = 4; lastKnownFileType = sourcecode.swift; path = "Visit+CoreDataProperties.swift"; sourceTree = "<group>"; };
		F5A9F2531F106C3400802D2F /* DataReportDTO.swift */ = {isa = PBXFileReference; fileEncoding = 4; lastKnownFileType = sourcecode.swift; path = DataReportDTO.swift; sourceTree = "<group>"; };
		F5A9F2551F107B0700802D2F /* ScheduleReportTVC.swift */ = {isa = PBXFileReference; fileEncoding = 4; lastKnownFileType = sourcecode.swift; path = ScheduleReportTVC.swift; sourceTree = "<group>"; };
		F5CDDE321F07E47800F1E056 /* CreatiBoxAppTests.xctest */ = {isa = PBXFileReference; explicitFileType = wrapper.cfbundle; includeInIndex = 0; path = CreatiBoxAppTests.xctest; sourceTree = BUILT_PRODUCTS_DIR; };
		F5CDDE341F07E47800F1E056 /* CreatiBoxAppTests.swift */ = {isa = PBXFileReference; lastKnownFileType = sourcecode.swift; path = CreatiBoxAppTests.swift; sourceTree = "<group>"; };
		F5CDDE361F07E47800F1E056 /* Info.plist */ = {isa = PBXFileReference; lastKnownFileType = text.plist.xml; path = Info.plist; sourceTree = "<group>"; };
		F5CDDE3E1F07E52300F1E056 /* CreatiBoxType.swift */ = {isa = PBXFileReference; fileEncoding = 4; lastKnownFileType = sourcecode.swift; path = CreatiBoxType.swift; sourceTree = "<group>"; };
		F5CDDE401F07E5AC00F1E056 /* CreatiBoxAppImpl.swift */ = {isa = PBXFileReference; fileEncoding = 4; lastKnownFileType = sourcecode.swift; path = CreatiBoxAppImpl.swift; sourceTree = "<group>"; };
		F5CDDE421F07FB1600F1E056 /* AlertViewHelper.swift */ = {isa = PBXFileReference; fileEncoding = 4; lastKnownFileType = sourcecode.swift; path = AlertViewHelper.swift; sourceTree = "<group>"; };
		F5CDDE5E1F0834DA00F1E056 /* CreatiBoxApp v1.0.xcdatamodel */ = {isa = PBXFileReference; lastKnownFileType = wrapper.xcdatamodel; path = "CreatiBoxApp v1.0.xcdatamodel"; sourceTree = "<group>"; };
		F5CDDE5F1F083B3700F1E056 /* DateHelper.swift */ = {isa = PBXFileReference; fileEncoding = 4; lastKnownFileType = sourcecode.swift; path = DateHelper.swift; sourceTree = "<group>"; };
		F5EFD69C1F11C592000D064D /* 80770500.ttf */ = {isa = PBXFileReference; lastKnownFileType = file; path = 80770500.ttf; sourceTree = "<group>"; };
		F5EFD69E1F11CDBC000D064D /* WinnerReportDTO.swift */ = {isa = PBXFileReference; fileEncoding = 4; lastKnownFileType = sourcecode.swift; path = WinnerReportDTO.swift; sourceTree = "<group>"; };
		F5EFD6A21F11CE6A000D064D /* GenericDataReport.swift */ = {isa = PBXFileReference; fileEncoding = 4; lastKnownFileType = sourcecode.swift; path = GenericDataReport.swift; sourceTree = "<group>"; };
		F5EFD6A41F11DC7B000D064D /* WinnersReportTVC.swift */ = {isa = PBXFileReference; fileEncoding = 4; lastKnownFileType = sourcecode.swift; path = WinnersReportTVC.swift; sourceTree = "<group>"; };
		F5EFD6A61F11DF78000D064D /* UITableViewExtension.swift */ = {isa = PBXFileReference; fileEncoding = 4; lastKnownFileType = sourcecode.swift; path = UITableViewExtension.swift; sourceTree = "<group>"; };
		F5F3944F1F1133500035477F /* Face Off M54.ttf */ = {isa = PBXFileReference; lastKnownFileType = file; path = "Face Off M54.ttf"; sourceTree = "<group>"; };
		F5F3BBCD1F118AE6002238A6 /* Mission-Script.otf */ = {isa = PBXFileReference; lastKnownFileType = file; path = "Mission-Script.otf"; sourceTree = "<group>"; };
/* End PBXFileReference section */

/* Begin PBXFrameworksBuildPhase section */
		F53A38121F04524B00F853D0 /* Frameworks */ = {
			isa = PBXFrameworksBuildPhase;
			buildActionMask = 2147483647;
			files = (
			);
			runOnlyForDeploymentPostprocessing = 0;
		};
		F5CDDE2F1F07E47800F1E056 /* Frameworks */ = {
			isa = PBXFrameworksBuildPhase;
			buildActionMask = 2147483647;
			files = (
			);
			runOnlyForDeploymentPostprocessing = 0;
		};
/* End PBXFrameworksBuildPhase section */

/* Begin PBXGroup section */
		F50F25D71F0B37BB0093ACB2 /* cells */ = {
			isa = PBXGroup;
			children = (
				F5A9F2551F107B0700802D2F /* ScheduleReportTVC.swift */,
				F5EFD6A41F11DC7B000D064D /* WinnersReportTVC.swift */,
			);
			name = cells;
			sourceTree = "<group>";
		};
		F50F25FA1F0B51E30093ACB2 /* supervisor */ = {
			isa = PBXGroup;
			children = (
				F50F25FB1F0B52040093ACB2 /* ReportVC.swift */,
			);
			name = supervisor;
			sourceTree = "<group>";
		};
		F50F25FD1F0BAC020093ACB2 /* enums */ = {
			isa = PBXGroup;
			children = (
				F50F25FE1F0BAC120093ACB2 /* ReportType.swift */,
			);
			name = enums;
			sourceTree = "<group>";
		};
		F51D021C1F086728003DE5E0 /* extensions */ = {
			isa = PBXGroup;
			children = (
				F51D021D1F086739003DE5E0 /* UIViewControllerExtension.swift */,
				F5EFD6A61F11DF78000D064D /* UITableViewExtension.swift */,
			);
			name = extensions;
			sourceTree = "<group>";
		};
		F53A380C1F04524B00F853D0 = {
			isa = PBXGroup;
			children = (
				F53A38171F04524B00F853D0 /* CreatiBoxApp */,
				F5CDDE331F07E47800F1E056 /* CreatiBoxAppTests */,
				F53A38161F04524B00F853D0 /* Products */,
			);
			sourceTree = "<group>";
		};
		F53A38161F04524B00F853D0 /* Products */ = {
			isa = PBXGroup;
			children = (
				F53A38151F04524B00F853D0 /* CreatiBoxApp.app */,
				F5CDDE321F07E47800F1E056 /* CreatiBoxAppTests.xctest */,
			);
			name = Products;
			sourceTree = "<group>";
		};
		F53A38171F04524B00F853D0 /* CreatiBoxApp */ = {
			isa = PBXGroup;
			children = (
				F5A9F2521F106C1700802D2F /* dtoS */,
				F50F25FD1F0BAC020093ACB2 /* enums */,
				F51D021C1F086728003DE5E0 /* extensions */,
				F5A8B9DC1F085C8100F26A79 /* controllers */,
				F5CDDE3D1F07E4F600F1E056 /* implementation */,
				F5CDDE3C1F07E4ED00F1E056 /* protocols */,
				F53A384B1F066F3B00F853D0 /* supporting_files */,
				F53A383E1F06663600F853D0 /* helpers */,
				F53A382D1F06655F00F853D0 /* entities */,
				F53A381C1F04524B00F853D0 /* Main.storyboard */,
			);
			path = CreatiBoxApp;
			sourceTree = "<group>";
		};
		F53A382D1F06655F00F853D0 /* entities */ = {
			isa = PBXGroup;
			children = (
				F5A9F23E1F0EF73A00802D2F /* Winner+CoreDataClass.swift */,
				F5A9F23F1F0EF73A00802D2F /* Winner+CoreDataProperties.swift */,
				F5A9F2401F0EF73A00802D2F /* Prize+CoreDataClass.swift */,
				F5A9F2411F0EF73A00802D2F /* Prize+CoreDataProperties.swift */,
				F5A9F2421F0EF73A00802D2F /* BranchOffice+CoreDataClass.swift */,
				F5A9F2431F0EF73A00802D2F /* BranchOffice+CoreDataProperties.swift */,
				F5A9F2441F0EF73A00802D2F /* LoginUser+CoreDataClass.swift */,
				F5A9F2451F0EF73A00802D2F /* LoginUser+CoreDataProperties.swift */,
				F5A9F2461F0EF73A00802D2F /* Visit+CoreDataClass.swift */,
				F5A9F2471F0EF73A00802D2F /* Visit+CoreDataProperties.swift */,
			);
			name = entities;
			sourceTree = "<group>";
		};
		F53A383E1F06663600F853D0 /* helpers */ = {
			isa = PBXGroup;
			children = (
				F53A383F1F06664600F853D0 /* CoreDataHelper.swift */,
				F53A38471F066C0E00F853D0 /* AppExceptions.swift */,
				F53A38491F066C8400F853D0 /* InitialDataCreatorHelper.swift */,
				F5CDDE421F07FB1600F1E056 /* AlertViewHelper.swift */,
				F5CDDE5F1F083B3700F1E056 /* DateHelper.swift */,
				F51D021A1F0866D3003DE5E0 /* AppControl.swift */,
			);
			name = helpers;
			sourceTree = "<group>";
		};
		F53A384B1F066F3B00F853D0 /* supporting_files */ = {
			isa = PBXGroup;
			children = (
				F50F25D51F0B30EB0093ACB2 /* Saloon Girl Fill.ttf */,
				F5F3BBCD1F118AE6002238A6 /* Mission-Script.otf */,
				F5EFD69C1F11C592000D064D /* 80770500.ttf */,
				F5F3944F1F1133500035477F /* Face Off M54.ttf */,
				F50F25DA1F0B3B780093ACB2 /* pulp fiction m54.ttf */,
				F53A38181F04524B00F853D0 /* AppDelegate.swift */,
				F53A38221F04524B00F853D0 /* Assets.xcassets */,
				F53A38241F04524B00F853D0 /* LaunchScreen.storyboard */,
				F53A38271F04524B00F853D0 /* Info.plist */,
				F53A381F1F04524B00F853D0 /* CreatiBoxApp.xcdatamodeld */,
			);
			name = supporting_files;
			sourceTree = "<group>";
		};
		F5A8B9DC1F085C8100F26A79 /* controllers */ = {
			isa = PBXGroup;
			children = (
				F50F25FA1F0B51E30093ACB2 /* supervisor */,
				F50F25D71F0B37BB0093ACB2 /* cells */,
				F53A381A1F04524B00F853D0 /* MainVC.swift */,
				F51D021F1F086C42003DE5E0 /* PromontionPersonVC.swift */,
				F51332131F097A2600C26CFD /* GameVC.swift */,
				F50F25D31F0A5F4E0093ACB2 /* SupervisorVC.swift */,
			);
			name = controllers;
			sourceTree = "<group>";
		};
		F5A9F2521F106C1700802D2F /* dtoS */ = {
			isa = PBXGroup;
			children = (
				F5A9F2531F106C3400802D2F /* DataReportDTO.swift */,
				F5EFD69E1F11CDBC000D064D /* WinnerReportDTO.swift */,
				F5EFD6A21F11CE6A000D064D /* GenericDataReport.swift */,
			);
			name = dtoS;
			sourceTree = "<group>";
		};
		F5CDDE331F07E47800F1E056 /* CreatiBoxAppTests */ = {
			isa = PBXGroup;
			children = (
				F5CDDE341F07E47800F1E056 /* CreatiBoxAppTests.swift */,
				F5CDDE361F07E47800F1E056 /* Info.plist */,
			);
			path = CreatiBoxAppTests;
			sourceTree = "<group>";
		};
		F5CDDE3C1F07E4ED00F1E056 /* protocols */ = {
			isa = PBXGroup;
			children = (
				F5CDDE3E1F07E52300F1E056 /* CreatiBoxType.swift */,
			);
			name = protocols;
			sourceTree = "<group>";
		};
		F5CDDE3D1F07E4F600F1E056 /* implementation */ = {
			isa = PBXGroup;
			children = (
				F5CDDE401F07E5AC00F1E056 /* CreatiBoxAppImpl.swift */,
			);
			name = implementation;
			sourceTree = "<group>";
		};
/* End PBXGroup section */

/* Begin PBXNativeTarget section */
		F53A38141F04524B00F853D0 /* CreatiBoxApp */ = {
			isa = PBXNativeTarget;
			buildConfigurationList = F53A382A1F04524B00F853D0 /* Build configuration list for PBXNativeTarget "CreatiBoxApp" */;
			buildPhases = (
				F53A38111F04524B00F853D0 /* Sources */,
				F53A38121F04524B00F853D0 /* Frameworks */,
				F53A38131F04524B00F853D0 /* Resources */,
			);
			buildRules = (
			);
			dependencies = (
			);
			name = CreatiBoxApp;
			productName = CreatiBoxApp;
			productReference = F53A38151F04524B00F853D0 /* CreatiBoxApp.app */;
			productType = "com.apple.product-type.application";
		};
		F5CDDE311F07E47800F1E056 /* CreatiBoxAppTests */ = {
			isa = PBXNativeTarget;
			buildConfigurationList = F5CDDE3B1F07E47800F1E056 /* Build configuration list for PBXNativeTarget "CreatiBoxAppTests" */;
			buildPhases = (
				F5CDDE2E1F07E47800F1E056 /* Sources */,
				F5CDDE2F1F07E47800F1E056 /* Frameworks */,
				F5CDDE301F07E47800F1E056 /* Resources */,
			);
			buildRules = (
			);
			dependencies = (
				F5CDDE381F07E47800F1E056 /* PBXTargetDependency */,
			);
			name = CreatiBoxAppTests;
			productName = CreatiBoxAppTests;
			productReference = F5CDDE321F07E47800F1E056 /* CreatiBoxAppTests.xctest */;
			productType = "com.apple.product-type.bundle.unit-test";
		};
/* End PBXNativeTarget section */

/* Begin PBXProject section */
		F53A380D1F04524B00F853D0 /* Project object */ = {
			isa = PBXProject;
			attributes = {
				LastSwiftUpdateCheck = 0830;
				LastUpgradeCheck = 0830;
				ORGANIZATIONNAME = "Bearded Gentleman";
				TargetAttributes = {
					F53A38141F04524B00F853D0 = {
						CreatedOnToolsVersion = 8.3.3;
						DevelopmentTeam = 7XYHS53D2W;
						ProvisioningStyle = Automatic;
					};
					F5CDDE311F07E47800F1E056 = {
						CreatedOnToolsVersion = 8.3.3;
						DevelopmentTeam = 7XYHS53D2W;
						ProvisioningStyle = Automatic;
						TestTargetID = F53A38141F04524B00F853D0;
					};
				};
			};
			buildConfigurationList = F53A38101F04524B00F853D0 /* Build configuration list for PBXProject "CreatiBoxApp" */;
			compatibilityVersion = "Xcode 3.2";
			developmentRegion = English;
			hasScannedForEncodings = 0;
			knownRegions = (
				en,
				Base,
			);
			mainGroup = F53A380C1F04524B00F853D0;
			productRefGroup = F53A38161F04524B00F853D0 /* Products */;
			projectDirPath = "";
			projectRoot = "";
			targets = (
				F53A38141F04524B00F853D0 /* CreatiBoxApp */,
				F5CDDE311F07E47800F1E056 /* CreatiBoxAppTests */,
			);
		};
/* End PBXProject section */

/* Begin PBXResourcesBuildPhase section */
		F53A38131F04524B00F853D0 /* Resources */ = {
			isa = PBXResourcesBuildPhase;
			buildActionMask = 2147483647;
			files = (
				F53A38261F04524B00F853D0 /* LaunchScreen.storyboard in Resources */,
				F5F3BBCE1F118AE6002238A6 /* Mission-Script.otf in Resources */,
				F50F25DB1F0B3B780093ACB2 /* pulp fiction m54.ttf in Resources */,
				F5EFD69D1F11C592000D064D /* 80770500.ttf in Resources */,
				F5F394501F1133500035477F /* Face Off M54.ttf in Resources */,
				F50F25D61F0B30EB0093ACB2 /* Saloon Girl Fill.ttf in Resources */,
				F53A38231F04524B00F853D0 /* Assets.xcassets in Resources */,
				F53A381E1F04524B00F853D0 /* Main.storyboard in Resources */,
			);
			runOnlyForDeploymentPostprocessing = 0;
		};
		F5CDDE301F07E47800F1E056 /* Resources */ = {
			isa = PBXResourcesBuildPhase;
			buildActionMask = 2147483647;
			files = (
			);
			runOnlyForDeploymentPostprocessing = 0;
		};
/* End PBXResourcesBuildPhase section */

/* Begin PBXSourcesBuildPhase section */
		F53A38111F04524B00F853D0 /* Sources */ = {
			isa = PBXSourcesBuildPhase;
			buildActionMask = 2147483647;
			files = (
				F5EFD6A51F11DC7B000D064D /* WinnersReportTVC.swift in Sources */,
				F5A9F2501F0EF73A00802D2F /* Visit+CoreDataClass.swift in Sources */,
				F5A9F24F1F0EF73A00802D2F /* LoginUser+CoreDataProperties.swift in Sources */,
				F5CDDE431F07FB1600F1E056 /* AlertViewHelper.swift in Sources */,
				F53A38401F06664600F853D0 /* CoreDataHelper.swift in Sources */,
				F53A38211F04524B00F853D0 /* CreatiBoxApp.xcdatamodeld in Sources */,
				F51D021E1F086739003DE5E0 /* UIViewControllerExtension.swift in Sources */,
				F53A381B1F04524B00F853D0 /* MainVC.swift in Sources */,
				F50F25D41F0A5F4E0093ACB2 /* SupervisorVC.swift in Sources */,
				F51332141F097A2600C26CFD /* GameVC.swift in Sources */,
				F53A38481F066C0E00F853D0 /* AppExceptions.swift in Sources */,
				F5A9F24E1F0EF73A00802D2F /* LoginUser+CoreDataClass.swift in Sources */,
				F53A384A1F066C8400F853D0 /* InitialDataCreatorHelper.swift in Sources */,
				F5A9F2561F107B0700802D2F /* ScheduleReportTVC.swift in Sources */,
				F5CDDE3F1F07E52300F1E056 /* CreatiBoxType.swift in Sources */,
				F5A9F2511F0EF73A00802D2F /* Visit+CoreDataProperties.swift in Sources */,
				F5A9F2491F0EF73A00802D2F /* Winner+CoreDataProperties.swift in Sources */,
				F5EFD6A31F11CE6A000D064D /* GenericDataReport.swift in Sources */,
				F5EFD69F1F11CDBC000D064D /* WinnerReportDTO.swift in Sources */,
				F5CDDE411F07E5AC00F1E056 /* CreatiBoxAppImpl.swift in Sources */,
				F5A9F2481F0EF73A00802D2F /* Winner+CoreDataClass.swift in Sources */,
				F50F25FC1F0B52040093ACB2 /* ReportVC.swift in Sources */,
				F5A9F24A1F0EF73A00802D2F /* Prize+CoreDataClass.swift in Sources */,
				F5CDDE601F083B3700F1E056 /* DateHelper.swift in Sources */,
				F51D021B1F0866D3003DE5E0 /* AppControl.swift in Sources */,
				F51D02201F086C42003DE5E0 /* PromontionPersonVC.swift in Sources */,
				F50F25FF1F0BAC120093ACB2 /* ReportType.swift in Sources */,
				F5EFD6A71F11DF78000D064D /* UITableViewExtension.swift in Sources */,
				F5A9F24C1F0EF73A00802D2F /* BranchOffice+CoreDataClass.swift in Sources */,
				F5A9F2541F106C3400802D2F /* DataReportDTO.swift in Sources */,
				F5A9F24D1F0EF73A00802D2F /* BranchOffice+CoreDataProperties.swift in Sources */,
				F5A9F24B1F0EF73A00802D2F /* Prize+CoreDataProperties.swift in Sources */,
				F53A38191F04524B00F853D0 /* AppDelegate.swift in Sources */,
			);
			runOnlyForDeploymentPostprocessing = 0;
		};
		F5CDDE2E1F07E47800F1E056 /* Sources */ = {
			isa = PBXSourcesBuildPhase;
			buildActionMask = 2147483647;
			files = (
				F5CDDE351F07E47800F1E056 /* CreatiBoxAppTests.swift in Sources */,
			);
			runOnlyForDeploymentPostprocessing = 0;
		};
/* End PBXSourcesBuildPhase section */

/* Begin PBXTargetDependency section */
		F5CDDE381F07E47800F1E056 /* PBXTargetDependency */ = {
			isa = PBXTargetDependency;
			target = F53A38141F04524B00F853D0 /* CreatiBoxApp */;
			targetProxy = F5CDDE371F07E47800F1E056 /* PBXContainerItemProxy */;
		};
/* End PBXTargetDependency section */

/* Begin PBXVariantGroup section */
		F53A381C1F04524B00F853D0 /* Main.storyboard */ = {
			isa = PBXVariantGroup;
			children = (
				F53A381D1F04524B00F853D0 /* Base */,
			);
			name = Main.storyboard;
			sourceTree = "<group>";
		};
		F53A38241F04524B00F853D0 /* LaunchScreen.storyboard */ = {
			isa = PBXVariantGroup;
			children = (
				F53A38251F04524B00F853D0 /* Base */,
			);
			name = LaunchScreen.storyboard;
			sourceTree = "<group>";
		};
/* End PBXVariantGroup section */

/* Begin XCBuildConfiguration section */
		F53A38281F04524B00F853D0 /* Debug */ = {
			isa = XCBuildConfiguration;
			buildSettings = {
				ALWAYS_SEARCH_USER_PATHS = NO;
				CLANG_ANALYZER_NONNULL = YES;
				CLANG_ANALYZER_NUMBER_OBJECT_CONVERSION = YES_AGGRESSIVE;
				CLANG_CXX_LANGUAGE_STANDARD = "gnu++0x";
				CLANG_CXX_LIBRARY = "libc++";
				CLANG_ENABLE_MODULES = YES;
				CLANG_ENABLE_OBJC_ARC = YES;
				CLANG_WARN_BOOL_CONVERSION = YES;
				CLANG_WARN_CONSTANT_CONVERSION = YES;
				CLANG_WARN_DIRECT_OBJC_ISA_USAGE = YES_ERROR;
				CLANG_WARN_DOCUMENTATION_COMMENTS = YES;
				CLANG_WARN_EMPTY_BODY = YES;
				CLANG_WARN_ENUM_CONVERSION = YES;
				CLANG_WARN_INFINITE_RECURSION = YES;
				CLANG_WARN_INT_CONVERSION = YES;
				CLANG_WARN_OBJC_ROOT_CLASS = YES_ERROR;
				CLANG_WARN_SUSPICIOUS_MOVE = YES;
				CLANG_WARN_UNREACHABLE_CODE = YES;
				CLANG_WARN__DUPLICATE_METHOD_MATCH = YES;
				"CODE_SIGN_IDENTITY[sdk=iphoneos*]" = "iPhone Developer";
				COPY_PHASE_STRIP = NO;
				DEBUG_INFORMATION_FORMAT = dwarf;
				ENABLE_STRICT_OBJC_MSGSEND = YES;
				ENABLE_TESTABILITY = YES;
				GCC_C_LANGUAGE_STANDARD = gnu99;
				GCC_DYNAMIC_NO_PIC = NO;
				GCC_NO_COMMON_BLOCKS = YES;
				GCC_OPTIMIZATION_LEVEL = 0;
				GCC_PREPROCESSOR_DEFINITIONS = (
					"DEBUG=1",
					"$(inherited)",
				);
				GCC_WARN_64_TO_32_BIT_CONVERSION = YES;
				GCC_WARN_ABOUT_RETURN_TYPE = YES_ERROR;
				GCC_WARN_UNDECLARED_SELECTOR = YES;
				GCC_WARN_UNINITIALIZED_AUTOS = YES_AGGRESSIVE;
				GCC_WARN_UNUSED_FUNCTION = YES;
				GCC_WARN_UNUSED_VARIABLE = YES;
				IPHONEOS_DEPLOYMENT_TARGET = 10.3;
				MTL_ENABLE_DEBUG_INFO = YES;
				ONLY_ACTIVE_ARCH = YES;
				SDKROOT = iphoneos;
				SWIFT_ACTIVE_COMPILATION_CONDITIONS = DEBUG;
				SWIFT_OPTIMIZATION_LEVEL = "-Onone";
				TARGETED_DEVICE_FAMILY = "1,2";
			};
			name = Debug;
		};
		F53A38291F04524B00F853D0 /* Release */ = {
			isa = XCBuildConfiguration;
			buildSettings = {
				ALWAYS_SEARCH_USER_PATHS = NO;
				CLANG_ANALYZER_NONNULL = YES;
				CLANG_ANALYZER_NUMBER_OBJECT_CONVERSION = YES_AGGRESSIVE;
				CLANG_CXX_LANGUAGE_STANDARD = "gnu++0x";
				CLANG_CXX_LIBRARY = "libc++";
				CLANG_ENABLE_MODULES = YES;
				CLANG_ENABLE_OBJC_ARC = YES;
				CLANG_WARN_BOOL_CONVERSION = YES;
				CLANG_WARN_CONSTANT_CONVERSION = YES;
				CLANG_WARN_DIRECT_OBJC_ISA_USAGE = YES_ERROR;
				CLANG_WARN_DOCUMENTATION_COMMENTS = YES;
				CLANG_WARN_EMPTY_BODY = YES;
				CLANG_WARN_ENUM_CONVERSION = YES;
				CLANG_WARN_INFINITE_RECURSION = YES;
				CLANG_WARN_INT_CONVERSION = YES;
				CLANG_WARN_OBJC_ROOT_CLASS = YES_ERROR;
				CLANG_WARN_SUSPICIOUS_MOVE = YES;
				CLANG_WARN_UNREACHABLE_CODE = YES;
				CLANG_WARN__DUPLICATE_METHOD_MATCH = YES;
				"CODE_SIGN_IDENTITY[sdk=iphoneos*]" = "iPhone Developer";
				COPY_PHASE_STRIP = NO;
				DEBUG_INFORMATION_FORMAT = "dwarf-with-dsym";
				ENABLE_NS_ASSERTIONS = NO;
				ENABLE_STRICT_OBJC_MSGSEND = YES;
				GCC_C_LANGUAGE_STANDARD = gnu99;
				GCC_NO_COMMON_BLOCKS = YES;
				GCC_WARN_64_TO_32_BIT_CONVERSION = YES;
				GCC_WARN_ABOUT_RETURN_TYPE = YES_ERROR;
				GCC_WARN_UNDECLARED_SELECTOR = YES;
				GCC_WARN_UNINITIALIZED_AUTOS = YES_AGGRESSIVE;
				GCC_WARN_UNUSED_FUNCTION = YES;
				GCC_WARN_UNUSED_VARIABLE = YES;
				IPHONEOS_DEPLOYMENT_TARGET = 10.3;
				MTL_ENABLE_DEBUG_INFO = NO;
				SDKROOT = iphoneos;
				SWIFT_OPTIMIZATION_LEVEL = "-Owholemodule";
				TARGETED_DEVICE_FAMILY = "1,2";
				VALIDATE_PRODUCT = YES;
			};
			name = Release;
		};
		F53A382B1F04524B00F853D0 /* Debug */ = {
			isa = XCBuildConfiguration;
			buildSettings = {
				ASSETCATALOG_COMPILER_APPICON_NAME = AppIcon;
				DEVELOPMENT_TEAM = 7XYHS53D2W;
				INFOPLIST_FILE = CreatiBoxApp/Info.plist;
				IPHONEOS_DEPLOYMENT_TARGET = 10.2;
				LD_RUNPATH_SEARCH_PATHS = "$(inherited) @executable_path/Frameworks";
				PRODUCT_BUNDLE_IDENTIFIER = com.beardedgentleman.extdevs.CreatiBoxApp;
				PRODUCT_NAME = "$(TARGET_NAME)";
				SWIFT_VERSION = 3.0;
			};
			name = Debug;
		};
		F53A382C1F04524B00F853D0 /* Release */ = {
			isa = XCBuildConfiguration;
			buildSettings = {
				ASSETCATALOG_COMPILER_APPICON_NAME = AppIcon;
				DEVELOPMENT_TEAM = 7XYHS53D2W;
				INFOPLIST_FILE = CreatiBoxApp/Info.plist;
				IPHONEOS_DEPLOYMENT_TARGET = 10.2;
				LD_RUNPATH_SEARCH_PATHS = "$(inherited) @executable_path/Frameworks";
				PRODUCT_BUNDLE_IDENTIFIER = com.beardedgentleman.extdevs.CreatiBoxApp;
				PRODUCT_NAME = "$(TARGET_NAME)";
				SWIFT_VERSION = 3.0;
			};
			name = Release;
		};
		F5CDDE391F07E47800F1E056 /* Debug */ = {
			isa = XCBuildConfiguration;
			buildSettings = {
				BUNDLE_LOADER = "$(TEST_HOST)";
				DEVELOPMENT_TEAM = 7XYHS53D2W;
				INFOPLIST_FILE = CreatiBoxAppTests/Info.plist;
				LD_RUNPATH_SEARCH_PATHS = "$(inherited) @executable_path/Frameworks @loader_path/Frameworks";
				PRODUCT_BUNDLE_IDENTIFIER = com.beardedgentleman.extdevs.CreatiBoxAppTests;
				PRODUCT_NAME = "$(TARGET_NAME)";
				SWIFT_VERSION = 3.0;
				TEST_HOST = "$(BUILT_PRODUCTS_DIR)/CreatiBoxApp.app/CreatiBoxApp";
			};
			name = Debug;
		};
		F5CDDE3A1F07E47800F1E056 /* Release */ = {
			isa = XCBuildConfiguration;
			buildSettings = {
				BUNDLE_LOADER = "$(TEST_HOST)";
				DEVELOPMENT_TEAM = 7XYHS53D2W;
				INFOPLIST_FILE = CreatiBoxAppTests/Info.plist;
				LD_RUNPATH_SEARCH_PATHS = "$(inherited) @executable_path/Frameworks @loader_path/Frameworks";
				PRODUCT_BUNDLE_IDENTIFIER = com.beardedgentleman.extdevs.CreatiBoxAppTests;
				PRODUCT_NAME = "$(TARGET_NAME)";
				SWIFT_VERSION = 3.0;
				TEST_HOST = "$(BUILT_PRODUCTS_DIR)/CreatiBoxApp.app/CreatiBoxApp";
			};
			name = Release;
		};
/* End XCBuildConfiguration section */

/* Begin XCConfigurationList section */
		F53A38101F04524B00F853D0 /* Build configuration list for PBXProject "CreatiBoxApp" */ = {
			isa = XCConfigurationList;
			buildConfigurations = (
				F53A38281F04524B00F853D0 /* Debug */,
				F53A38291F04524B00F853D0 /* Release */,
			);
			defaultConfigurationIsVisible = 0;
			defaultConfigurationName = Release;
		};
		F53A382A1F04524B00F853D0 /* Build configuration list for PBXNativeTarget "CreatiBoxApp" */ = {
			isa = XCConfigurationList;
			buildConfigurations = (
				F53A382B1F04524B00F853D0 /* Debug */,
				F53A382C1F04524B00F853D0 /* Release */,
			);
			defaultConfigurationIsVisible = 0;
			defaultConfigurationName = Release;
		};
		F5CDDE3B1F07E47800F1E056 /* Build configuration list for PBXNativeTarget "CreatiBoxAppTests" */ = {
			isa = XCConfigurationList;
			buildConfigurations = (
				F5CDDE391F07E47800F1E056 /* Debug */,
				F5CDDE3A1F07E47800F1E056 /* Release */,
			);
			defaultConfigurationIsVisible = 0;
			defaultConfigurationName = Release;
		};
/* End XCConfigurationList section */

/* Begin XCVersionGroup section */
		F53A381F1F04524B00F853D0 /* CreatiBoxApp.xcdatamodeld */ = {
			isa = XCVersionGroup;
			children = (
				F5CDDE5E1F0834DA00F1E056 /* CreatiBoxApp v1.0.xcdatamodel */,
				F53A38201F04524B00F853D0 /* CreatiBoxApp.xcdatamodel */,
			);
			currentVersion = F5CDDE5E1F0834DA00F1E056 /* CreatiBoxApp v1.0.xcdatamodel */;
			path = CreatiBoxApp.xcdatamodeld;
			sourceTree = "<group>";
			versionGroupType = wrapper.xcdatamodel;
		};
/* End XCVersionGroup section */
	};
	rootObject = F53A380D1F04524B00F853D0 /* Project object */;
}
